// !$*UTF8*$!
{
	archiveVersion = 1;
	classes = {
	};
	objectVersion = 46;
	objects = {

/* Begin PBXBuildFile section */
		D0677D4B19E01B01007D0AA7 /* AppDelegate.swift in Sources */ = {isa = PBXBuildFile; fileRef = D0677D4A19E01B01007D0AA7 /* AppDelegate.swift */; };
		D0677D4D19E01B01007D0AA7 /* ViewController.swift in Sources */ = {isa = PBXBuildFile; fileRef = D0677D4C19E01B01007D0AA7 /* ViewController.swift */; };
		D0677D5019E01B01007D0AA7 /* Main.storyboard in Resources */ = {isa = PBXBuildFile; fileRef = D0677D4E19E01B01007D0AA7 /* Main.storyboard */; };
		D0677D5219E01B01007D0AA7 /* Images.xcassets in Resources */ = {isa = PBXBuildFile; fileRef = D0677D5119E01B01007D0AA7 /* Images.xcassets */; };
		D0677D5519E01B01007D0AA7 /* LaunchScreen.xib in Resources */ = {isa = PBXBuildFile; fileRef = D0677D5319E01B01007D0AA7 /* LaunchScreen.xib */; };
		D0677D6119E01B01007D0AA7 /* PostcardTests.swift in Sources */ = {isa = PBXBuildFile; fileRef = D0677D6019E01B01007D0AA7 /* PostcardTests.swift */; };
/* End PBXBuildFile section */

/* Begin PBXContainerItemProxy section */
		D0677D5B19E01B01007D0AA7 /* PBXContainerItemProxy */ = {
			isa = PBXContainerItemProxy;
			containerPortal = D0677D3D19E01B01007D0AA7 /* Project object */;
			proxyType = 1;
			remoteGlobalIDString = D0677D4419E01B01007D0AA7;
			remoteInfo = Postcard;
		};
/* End PBXContainerItemProxy section */

/* Begin PBXFileReference section */
		D0677D4519E01B01007D0AA7 /* Postcard.app */ = {isa = PBXFileReference; explicitFileType = wrapper.application; includeInIndex = 0; path = Postcard.app; sourceTree = BUILT_PRODUCTS_DIR; };
		D0677D4919E01B01007D0AA7 /* Info.plist */ = {isa = PBXFileReference; lastKnownFileType = text.plist.xml; path = Info.plist; sourceTree = "<group>"; };
		D0677D4A19E01B01007D0AA7 /* AppDelegate.swift */ = {isa = PBXFileReference; lastKnownFileType = sourcecode.swift; path = AppDelegate.swift; sourceTree = "<group>"; };
		D0677D4C19E01B01007D0AA7 /* ViewController.swift */ = {isa = PBXFileReference; lastKnownFileType = sourcecode.swift; path = ViewController.swift; sourceTree = "<group>"; };
		D0677D4F19E01B01007D0AA7 /* Base */ = {isa = PBXFileReference; lastKnownFileType = file.storyboard; name = Base; path = Base.lproj/Main.storyboard; sourceTree = "<group>"; };
		D0677D5119E01B01007D0AA7 /* Images.xcassets */ = {isa = PBXFileReference; lastKnownFileType = folder.assetcatalog; path = Images.xcassets; sourceTree = "<group>"; };
		D0677D5419E01B01007D0AA7 /* Base */ = {isa = PBXFileReference; lastKnownFileType = file.xib; name = Base; path = Base.lproj/LaunchScreen.xib; sourceTree = "<group>"; };
		D0677D5A19E01B01007D0AA7 /* PostcardTests.xctest */ = {isa = PBXFileReference; explicitFileType = wrapper.cfbundle; includeInIndex = 0; path = PostcardTests.xctest; sourceTree = BUILT_PRODUCTS_DIR; };
		D0677D5F19E01B01007D0AA7 /* Info.plist */ = {isa = PBXFileReference; lastKnownFileType = text.plist.xml; path = Info.plist; sourceTree = "<group>"; };
		D0677D6019E01B01007D0AA7 /* PostcardTests.swift */ = {isa = PBXFileReference; lastKnownFileType = sourcecode.swift; path = PostcardTests.swift; sourceTree = "<group>"; };
/* End PBXFileReference section */

/* Begin PBXFrameworksBuildPhase section */
		D0677D4219E01B01007D0AA7 /* Frameworks */ = {
			isa = PBXFrameworksBuildPhase;
			buildActionMask = 2147483647;
			files = (
			);
			runOnlyForDeploymentPostprocessing = 0;
		};
		D0677D5719E01B01007D0AA7 /* Frameworks */ = {
			isa = PBXFrameworksBuildPhase;
			buildActionMask = 2147483647;
			files = (
			);
			runOnlyForDeploymentPostprocessing = 0;
		};
/* End PBXFrameworksBuildPhase section */

/* Begin PBXGroup section */
		D0677D3C19E01B01007D0AA7 = {
			isa = PBXGroup;
			children = (
				D0677D4719E01B01007D0AA7 /* Postcard */,
				D0677D5D19E01B01007D0AA7 /* PostcardTests */,
				D0677D4619E01B01007D0AA7 /* Products */,
			);
			sourceTree = "<group>";
		};
		D0677D4619E01B01007D0AA7 /* Products */ = {
			isa = PBXGroup;
			children = (
				D0677D4519E01B01007D0AA7 /* Postcard.app */,
				D0677D5A19E01B01007D0AA7 /* PostcardTests.xctest */,
			);
			name = Products;
			sourceTree = "<group>";
		};
		D0677D4719E01B01007D0AA7 /* Postcard */ = {
			isa = PBXGroup;
			children = (
				D0677D4A19E01B01007D0AA7 /* AppDelegate.swift */,
				D0677D4C19E01B01007D0AA7 /* ViewController.swift */,
				D0677D4E19E01B01007D0AA7 /* Main.storyboard */,
				D0677D5119E01B01007D0AA7 /* Images.xcassets */,
				D0677D5319E01B01007D0AA7 /* LaunchScreen.xib */,
				D0677D4819E01B01007D0AA7 /* Supporting Files */,
			);
			path = Postcard;
			sourceTree = "<group>";
		};
		D0677D4819E01B01007D0AA7 /* Supporting Files */ = {
			isa = PBXGroup;
			children = (
				D0677D4919E01B01007D0AA7 /* Info.plist */,
			);
			name = "Supporting Files";
			sourceTree = "<group>";
		};
		D0677D5D19E01B01007D0AA7 /* PostcardTests */ = {
			isa = PBXGroup;
			children = (
				D0677D6019E01B01007D0AA7 /* PostcardTests.swift */,
				D0677D5E19E01B01007D0AA7 /* Supporting Files */,
			);
			path = PostcardTests;
			sourceTree = "<group>";
		};
		D0677D5E19E01B01007D0AA7 /* Supporting Files */ = {
			isa = PBXGroup;
			children = (
				D0677D5F19E01B01007D0AA7 /* Info.plist */,
			);
			name = "Supporting Files";
			sourceTree = "<group>";
		};
/* End PBXGroup section */

/* Begin PBXNativeTarget section */
		D0677D4419E01B01007D0AA7 /* Postcard */ = {
			isa = PBXNativeTarget;
			buildConfigurationList = D0677D6419E01B01007D0AA7 /* Build configuration list for PBXNativeTarget "Postcard" */;
			buildPhases = (
				D0677D4119E01B01007D0AA7 /* Sources */,
				D0677D4219E01B01007D0AA7 /* Frameworks */,
				D0677D4319E01B01007D0AA7 /* Resources */,
			);
			buildRules = (
			);
			dependencies = (
			);
			name = Postcard;
			productName = Postcard;
			productReference = D0677D4519E01B01007D0AA7 /* Postcard.app */;
			productType = "com.apple.product-type.application";
		};
		D0677D5919E01B01007D0AA7 /* PostcardTests */ = {
			isa = PBXNativeTarget;
			buildConfigurationList = D0677D6719E01B01007D0AA7 /* Build configuration list for PBXNativeTarget "PostcardTests" */;
			buildPhases = (
				D0677D5619E01B01007D0AA7 /* Sources */,
				D0677D5719E01B01007D0AA7 /* Frameworks */,
				D0677D5819E01B01007D0AA7 /* Resources */,
			);
			buildRules = (
			);
			dependencies = (
				D0677D5C19E01B01007D0AA7 /* PBXTargetDependency */,
			);
			name = PostcardTests;
			productName = PostcardTests;
			productReference = D0677D5A19E01B01007D0AA7 /* PostcardTests.xctest */;
			productType = "com.apple.product-type.bundle.unit-test";
		};
/* End PBXNativeTarget section */

/* Begin PBXProject section */
		D0677D3D19E01B01007D0AA7 /* Project object */ = {
			isa = PBXProject;
			attributes = {
				LastUpgradeCheck = 0600;
				ORGANIZATIONNAME = Wildbeans;
				TargetAttributes = {
					D0677D4419E01B01007D0AA7 = {
						CreatedOnToolsVersion = 6.0.1;
					};
					D0677D5919E01B01007D0AA7 = {
						CreatedOnToolsVersion = 6.0.1;
						TestTargetID = D0677D4419E01B01007D0AA7;
					};
				};
			};
			buildConfigurationList = D0677D4019E01B01007D0AA7 /* Build configuration list for PBXProject "Postcard" */;
			compatibilityVersion = "Xcode 3.2";
			developmentRegion = English;
			hasScannedForEncodings = 0;
			knownRegions = (
				en,
				Base,
			);
			mainGroup = D0677D3C19E01B01007D0AA7;
			productRefGroup = D0677D4619E01B01007D0AA7 /* Products */;
			projectDirPath = "";
			projectRoot = "";
			targets = (
				D0677D4419E01B01007D0AA7 /* Postcard */,
				D0677D5919E01B01007D0AA7 /* PostcardTests */,
			);
		};
/* End PBXProject section */

/* Begin PBXResourcesBuildPhase section */
		D0677D4319E01B01007D0AA7 /* Resources */ = {
			isa = PBXResourcesBuildPhase;
			buildActionMask = 2147483647;
			files = (
				D0677D5019E01B01007D0AA7 /* Main.storyboard in Resources */,
				D0677D5519E01B01007D0AA7 /* LaunchScreen.xib in Resources */,
				D0677D5219E01B01007D0AA7 /* Images.xcassets in Resources */,
			);
			runOnlyForDeploymentPostprocessing = 0;
		};
		D0677D5819E01B01007D0AA7 /* Resources */ = {
			isa = PBXResourcesBuildPhase;
			buildActionMask = 2147483647;
			files = (
			);
			runOnlyForDeploymentPostprocessing = 0;
		};
/* End PBXResourcesBuildPhase section */

/* Begin PBXSourcesBuildPhase section */
		D0677D4119E01B01007D0AA7 /* Sources */ = {
			isa = PBXSourcesBuildPhase;
			buildActionMask = 2147483647;
			files = (
				D0677D4D19E01B01007D0AA7 /* ViewController.swift in Sources */,
				D0677D4B19E01B01007D0AA7 /* AppDelegate.swift in Sources */,
			);
			runOnlyForDeploymentPostprocessing = 0;
		};
		D0677D5619E01B01007D0AA7 /* Sources */ = {
			isa = PBXSourcesBuildPhase;
			buildActionMask = 2147483647;
			files = (
				D0677D6119E01B01007D0AA7 /* PostcardTests.swift in Sources */,
			);
			runOnlyForDeploymentPostprocessing = 0;
		};
/* End PBXSourcesBuildPhase section */

/* Begin PBXTargetDependency section */
		D0677D5C19E01B01007D0AA7 /* PBXTargetDependency */ = {
			isa = PBXTargetDependency;
			target = D0677D4419E01B01007D0AA7 /* Postcard */;
			targetProxy = D0677D5B19E01B01007D0AA7 /* PBXContainerItemProxy */;
		};
/* End PBXTargetDependency section */

/* Begin PBXVariantGroup section */
		D0677D4E19E01B01007D0AA7 /* Main.storyboard */ = {
			isa = PBXVariantGroup;
			children = (
				D0677D4F19E01B01007D0AA7 /* Base */,
			);
			name = Main.storyboard;
			sourceTree = "<group>";
		};
		D0677D5319E01B01007D0AA7 /* LaunchScreen.xib */ = {
			isa = PBXVariantGroup;
			children = (
				D0677D5419E01B01007D0AA7 /* Base */,
			);
			name = LaunchScreen.xib;
			sourceTree = "<group>";
		};
/* End PBXVariantGroup section */

/* Begin XCBuildConfiguration section */
		D0677D6219E01B01007D0AA7 /* Debug */ = {
			isa = XCBuildConfiguration;
			buildSettings = {
				ALWAYS_SEARCH_USER_PATHS = NO;
				CLANG_CXX_LANGUAGE_STANDARD = "gnu++0x";
				CLANG_CXX_LIBRARY = "libc++";
				CLANG_ENABLE_MODULES = YES;
				CLANG_ENABLE_OBJC_ARC = YES;
				CLANG_WARN_BOOL_CONVERSION = YES;
				CLANG_WARN_CONSTANT_CONVERSION = YES;
				CLANG_WARN_DIRECT_OBJC_ISA_USAGE = YES_ERROR;
				CLANG_WARN_EMPTY_BODY = YES;
				CLANG_WARN_ENUM_CONVERSION = YES;
				CLANG_WARN_INT_CONVERSION = YES;
				CLANG_WARN_OBJC_ROOT_CLASS = YES_ERROR;
				CLANG_WARN_UNREACHABLE_CODE = YES;
				CLANG_WARN__DUPLICATE_METHOD_MATCH = YES;
				"CODE_SIGN_IDENTITY[sdk=iphoneos*]" = "iPhone Developer";
				COPY_PHASE_STRIP = NO;
				ENABLE_STRICT_OBJC_MSGSEND = YES;
				GCC_C_LANGUAGE_STANDARD = gnu99;
				GCC_DYNAMIC_NO_PIC = NO;
				GCC_OPTIMIZATION_LEVEL = 0;
				GCC_PREPROCESSOR_DEFINITIONS = (
					"DEBUG=1",
					"$(inherited)",
				);
				GCC_SYMBOLS_PRIVATE_EXTERN = NO;
				GCC_WARN_64_TO_32_BIT_CONVERSION = YES;
				GCC_WARN_ABOUT_RETURN_TYPE = YES_ERROR;
				GCC_WARN_UNDECLARED_SELECTOR = YES;
				GCC_WARN_UNINITIALIZED_AUTOS = YES_AGGRESSIVE;
				GCC_WARN_UNUSED_FUNCTION = YES;
				GCC_WARN_UNUSED_VARIABLE = YES;
				IPHONEOS_DEPLOYMENT_TARGET = 8.0;
				MTL_ENABLE_DEBUG_INFO = YES;
				ONLY_ACTIVE_ARCH = YES;
				SDKROOT = iphoneos;
				SWIFT_OPTIMIZATION_LEVEL = "-Onone";
				TARGETED_DEVICE_FAMILY = "1,2";
			};
			name = Debug;
		};
		D0677D6319E01B01007D0AA7 /* Release */ = {
			isa = XCBuildConfiguration;
			buildSettings = {
				ALWAYS_SEARCH_USER_PATHS = NO;
				CLANG_CXX_LANGUAGE_STANDARD = "gnu++0x";
				CLANG_CXX_LIBRARY = "libc++";
				CLANG_ENABLE_MODULES = YES;
				CLANG_ENABLE_OBJC_ARC = YES;
				CLANG_WARN_BOOL_CONVERSION = YES;
				CLANG_WARN_CONSTANT_CONVERSION = YES;
				CLANG_WARN_DIRECT_OBJC_ISA_USAGE = YES_ERROR;
				CLANG_WARN_EMPTY_BODY = YES;
				CLANG_WARN_ENUM_CONVERSION = YES;
				CLANG_WARN_INT_CONVERSION = YES;
				CLANG_WARN_OBJC_ROOT_CLASS = YES_ERROR;
				CLANG_WARN_UNREACHABLE_CODE = YES;
				CLANG_WARN__DUPLICATE_METHOD_MATCH = YES;
				"CODE_SIGN_IDENTITY[sdk=iphoneos*]" = "iPhone Developer";
				COPY_PHASE_STRIP = YES;
				ENABLE_NS_ASSERTIONS = NO;
				ENABLE_STRICT_OBJC_MSGSEND = YES;
				GCC_C_LANGUAGE_STANDARD = gnu99;
				GCC_WARN_64_TO_32_BIT_CONVERSION = YES;
				GCC_WARN_ABOUT_RETURN_TYPE = YES_ERROR;
				GCC_WARN_UNDECLARED_SELECTOR = YES;
				GCC_WARN_UNINITIALIZED_AUTOS = YES_AGGRESSIVE;
				GCC_WARN_UNUSED_FUNCTION = YES;
				GCC_WARN_UNUSED_VARIABLE = YES;
				IPHONEOS_DEPLOYMENT_TARGET = 8.0;
				MTL_ENABLE_DEBUG_INFO = NO;
				SDKROOT = iphoneos;
				TARGETED_DEVICE_FAMILY = "1,2";
				VALIDATE_PRODUCT = YES;
			};
			name = Release;
		};
		D0677D6519E01B01007D0AA7 /* Debug */ = {
			isa = XCBuildConfiguration;
			buildSettings = {
				ASSETCATALOG_COMPILER_APPICON_NAME = AppIcon;
				INFOPLIST_FILE = Postcard/Info.plist;
				LD_RUNPATH_SEARCH_PATHS = "$(inherited) @executable_path/Frameworks";
				PRODUCT_NAME = "$(TARGET_NAME)";
			};
			name = Debug;
		};
		D0677D6619E01B01007D0AA7 /* Release */ = {
			isa = XCBuildConfiguration;
			buildSettings = {
				ASSETCATALOG_COMPILER_APPICON_NAME = AppIcon;
				INFOPLIST_FILE = Postcard/Info.plist;
				LD_RUNPATH_SEARCH_PATHS = "$(inherited) @executable_path/Frameworks";
				PRODUCT_NAME = "$(TARGET_NAME)";
			};
			name = Release;
		};
		D0677D6819E01B01007D0AA7 /* Debug */ = {
			isa = XCBuildConfiguration;
			buildSettings = {
				BUNDLE_LOADER = "$(TEST_HOST)";
				FRAMEWORK_SEARCH_PATHS = (
					"$(SDKROOT)/Developer/Library/Frameworks",
					"$(inherited)",
				);
				GCC_PREPROCESSOR_DEFINITIONS = (
					"DEBUG=1",
					"$(inherited)",
				);
				INFOPLIST_FILE = PostcardTests/Info.plist;
				LD_RUNPATH_SEARCH_PATHS = "$(inherited) @executable_path/Frameworks @loader_path/Frameworks";
				PRODUCT_NAME = "$(TARGET_NAME)";
				TEST_HOST = "$(BUILT_PRODUCTS_DIR)/Postcard.app/Postcard";
			};
			name = Debug;
		};
		D0677D6919E01B01007D0AA7 /* Release */ = {
			isa = XCBuildConfiguration;
			buildSettings = {
				BUNDLE_LOADER = "$(TEST_HOST)";
				FRAMEWORK_SEARCH_PATHS = (
					"$(SDKROOT)/Developer/Library/Frameworks",
					"$(inherited)",
				);
				INFOPLIST_FILE = PostcardTests/Info.plist;
				LD_RUNPATH_SEARCH_PATHS = "$(inherited) @executable_path/Frameworks @loader_path/Frameworks";
				PRODUCT_NAME = "$(TARGET_NAME)";
				TEST_HOST = "$(BUILT_PRODUCTS_DIR)/Postcard.app/Postcard";
			};
			name = Release;
		};
/* End XCBuildConfiguration section */

/* Begin XCConfigurationList section */
		D0677D4019E01B01007D0AA7 /* Build configuration list for PBXProject "Postcard" */ = {
			isa = XCConfigurationList;
			buildConfigurations = (
				D0677D6219E01B01007D0AA7 /* Debug */,
				D0677D6319E01B01007D0AA7 /* Release */,
			);
			defaultConfigurationIsVisible = 0;
			defaultConfigurationName = Release;
		};
		D0677D6419E01B01007D0AA7 /* Build configuration list for PBXNativeTarget "Postcard" */ = {
			isa = XCConfigurationList;
			buildConfigurations = (
				D0677D6519E01B01007D0AA7 /* Debug */,
				D0677D6619E01B01007D0AA7 /* Release */,
			);
			defaultConfigurationIsVisible = 0;
		};
		D0677D6719E01B01007D0AA7 /* Build configuration list for PBXNativeTarget "PostcardTests" */ = {
			isa = XCConfigurationList;
			buildConfigurations = (
				D0677D6819E01B01007D0AA7 /* Debug */,
				D0677D6919E01B01007D0AA7 /* Release */,
			);
			defaultConfigurationIsVisible = 0;
		};
/* End XCConfigurationList section */
	};
	rootObject = D0677D3D19E01B01007D0AA7 /* Project object */;
}
